
Microsoft Visual Studio Solution File, Format Version 12.00
# Visual Studio Version 16
VisualStudioVersion = 16.0.28729.10
MinimumVisualStudioVersion = 10.0.40219.1
Project("{FAE04EC0-301F-11D3-BF4B-00C04F79EFBC}") = "GameDataAndLogics", "DataAndLogics\GameDataAndLogics.csproj", "{3762E20D-2D2C-4AAD-9E96-BFA23E87990C}"
EndProject
Project("{FAE04EC0-301F-11D3-BF4B-00C04F79EFBC}") = "WindowsFormsAppUI", "WindowsFormsAppUI\WindowsFormsAppUI.csproj", "{40222E87-609D-4E08-A3D2-2ECBD647FF3B}"
EndProject
Project("{2150E333-8FDC-42A3-9474-1A3956D46DE8}") = "Solution Items", "Solution Items", "{47DE99AF-F644-4F2D-8463-5F7F859D98CD}"
	ProjectSection(SolutionItems) = preProject
		TextFile1.txt = TextFile1.txt
	EndProjectSection
EndProject
Global
	GlobalSection(SolutionConfigurationPlatforms) = preSolution
		Debug|Any CPU = Debug|Any CPU
		Release|Any CPU = Release|Any CPU
	EndGlobalSection
	GlobalSection(ProjectConfigurationPlatforms) = postSolution
		{3762E20D-2D2C-4AAD-9E96-BFA23E87990C}.Debug|Any CPU.ActiveCfg = Debug|Any CPU
		{3762E20D-2D2C-4AAD-9E96-BFA23E87990C}.Debug|Any CPU.Build.0 = Debug|Any CPU
		{3762E20D-2D2C-4AAD-9E96-BFA23E87990C}.Release|Any CPU.ActiveCfg = Release|Any CPU
		{3762E20D-2D2C-4AAD-9E96-BFA23E87990C}.Release|Any CPU.Build.0 = Release|Any CPU
		{40222E87-609D-4E08-A3D2-2ECBD647FF3B}.Debug|Any CPU.ActiveCfg = Debug|Any CPU
		{40222E87-609D-4E08-A3D2-2ECBD647FF3B}.Debug|Any CPU.Build.0 = Debug|Any CPU
		{40222E87-609D-4E08-A3D2-2ECBD647FF3B}.Release|Any CPU.ActiveCfg = Release|Any CPU
		{40222E87-609D-4E08-A3D2-2ECBD647FF3B}.Release|Any CPU.Build.0 = Release|Any CPU
	EndGlobalSection
	GlobalSection(SolutionProperties) = preSolution
		HideSolutionNode = FALSE
	EndGlobalSection
	GlobalSection(ExtensibilityGlobals) = postSolution
		SolutionGuid = {8540C637-5F78-4FFA-BE25-54D48E305FB0}
	EndGlobalSection
EndGlobal
